
Microsoft Visual Studio Solution File, Format Version 12.00
# Visual Studio Version 16
VisualStudioVersion = 16.0.30503.244
MinimumVisualStudioVersion = 10.0.40219.1
Project("{FAE04EC0-301F-11D3-BF4B-00C04F79EFBC}") = "BankApp", "BankApp.csproj", "{27BE2B6B-F46D-418C-A89B-9C5C5DA8829C}"
EndProject
Global
	GlobalSection(SolutionConfigurationPlatforms) = preSolution
		Debug|Any CPU = Debug|Any CPU
		Release|Any CPU = Release|Any CPU
	EndGlobalSection
	GlobalSection(ProjectConfigurationPlatforms) = postSolution
		{27BE2B6B-F46D-418C-A89B-9C5C5DA8829C}.Debug|Any CPU.ActiveCfg = Debug|Any CPU
		{27BE2B6B-F46D-418C-A89B-9C5C5DA8829C}.Debug|Any CPU.Build.0 = Debug|Any CPU
		{27BE2B6B-F46D-418C-A89B-9C5C5DA8829C}.Release|Any CPU.ActiveCfg = Release|Any CPU
		{27BE2B6B-F46D-418C-A89B-9C5C5DA8829C}.Release|Any CPU.Build.0 = Release|Any CPU
	EndGlobalSection
	GlobalSection(SolutionProperties) = preSolution
		HideSolutionNode = FALSE
	EndGlobalSection
	GlobalSection(ExtensibilityGlobals) = postSolution
		SolutionGuid = {D131184A-2C78-4FF9-8697-3326B2B7AE73}
	EndGlobalSection
EndGlobal
